
Microsoft Visual Studio Solution File, Format Version 12.00
# Visual Studio Version 17
VisualStudioVersion = 17.8.34309.116
MinimumVisualStudioVersion = 10.0.40219.1
Project("{FAE04EC0-301F-11D3-BF4B-00C04F79EFBC}") = "btvn", "btvn.csproj", "{F1F8A3E0-4A0A-4E2D-A396-92F7DBF4FB17}"
EndProject
Global
	GlobalSection(SolutionConfigurationPlatforms) = preSolution
		Debug|Any CPU = Debug|Any CPU
		Release|Any CPU = Release|Any CPU
	EndGlobalSection
	GlobalSection(ProjectConfigurationPlatforms) = postSolution
		{F1F8A3E0-4A0A-4E2D-A396-92F7DBF4FB17}.Debug|Any CPU.ActiveCfg = Debug|Any CPU
		{F1F8A3E0-4A0A-4E2D-A396-92F7DBF4FB17}.Debug|Any CPU.Build.0 = Debug|Any CPU
		{F1F8A3E0-4A0A-4E2D-A396-92F7DBF4FB17}.Release|Any CPU.ActiveCfg = Release|Any CPU
		{F1F8A3E0-4A0A-4E2D-A396-92F7DBF4FB17}.Release|Any CPU.Build.0 = Release|Any CPU
	EndGlobalSection
	GlobalSection(SolutionProperties) = preSolution
		HideSolutionNode = FALSE
	EndGlobalSection
	GlobalSection(ExtensibilityGlobals) = postSolution
		SolutionGuid = {F6ECF39C-4326-4823-B2BA-FB635487558B}
	EndGlobalSection
EndGlobal
